
Microsoft Visual Studio Solution File, Format Version 12.00
# Visual Studio Version 16
VisualStudioVersion = 16.0.30717.126
MinimumVisualStudioVersion = 10.0.40219.1
Project("{9A19103F-16F7-4668-BE54-9A1E7A4F7556}") = "MeliMorse.App", "MeliMorse.App\MeliMorse.App.csproj", "{C40A3FA6-695B-48B5-AE76-5596635AC776}"
EndProject
Project("{9A19103F-16F7-4668-BE54-9A1E7A4F7556}") = "MeliMorse.Api", "..\MeliMorse.Api\MeliMorse.Api.csproj", "{7926B3EE-86F9-4A12-B4EB-FA95749B5878}"
EndProject
Project("{FAE04EC0-301F-11D3-BF4B-00C04F79EFBC}") = "MeliMorse.Translator", "..\MeliMorse.Translator\MeliMorse.Translator.csproj", "{EA80609F-9988-46F0-BCCA-A13F8BEF2BBD}"
EndProject
Global
	GlobalSection(SolutionConfigurationPlatforms) = preSolution
		Debug|Any CPU = Debug|Any CPU
		Release|Any CPU = Release|Any CPU
	EndGlobalSection
	GlobalSection(ProjectConfigurationPlatforms) = postSolution
		{C40A3FA6-695B-48B5-AE76-5596635AC776}.Debug|Any CPU.ActiveCfg = Debug|Any CPU
		{C40A3FA6-695B-48B5-AE76-5596635AC776}.Debug|Any CPU.Build.0 = Debug|Any CPU
		{C40A3FA6-695B-48B5-AE76-5596635AC776}.Release|Any CPU.ActiveCfg = Release|Any CPU
		{C40A3FA6-695B-48B5-AE76-5596635AC776}.Release|Any CPU.Build.0 = Release|Any CPU
		{7926B3EE-86F9-4A12-B4EB-FA95749B5878}.Debug|Any CPU.ActiveCfg = Debug|Any CPU
		{7926B3EE-86F9-4A12-B4EB-FA95749B5878}.Debug|Any CPU.Build.0 = Debug|Any CPU
		{7926B3EE-86F9-4A12-B4EB-FA95749B5878}.Release|Any CPU.ActiveCfg = Release|Any CPU
		{7926B3EE-86F9-4A12-B4EB-FA95749B5878}.Release|Any CPU.Build.0 = Release|Any CPU
		{EA80609F-9988-46F0-BCCA-A13F8BEF2BBD}.Debug|Any CPU.ActiveCfg = Debug|Any CPU
		{EA80609F-9988-46F0-BCCA-A13F8BEF2BBD}.Debug|Any CPU.Build.0 = Debug|Any CPU
		{EA80609F-9988-46F0-BCCA-A13F8BEF2BBD}.Release|Any CPU.ActiveCfg = Release|Any CPU
		{EA80609F-9988-46F0-BCCA-A13F8BEF2BBD}.Release|Any CPU.Build.0 = Release|Any CPU
	EndGlobalSection
	GlobalSection(SolutionProperties) = preSolution
		HideSolutionNode = FALSE
	EndGlobalSection
	GlobalSection(ExtensibilityGlobals) = postSolution
		SolutionGuid = {844BEB60-4ED0-4BC3-8E34-33001CCC2F08}
	EndGlobalSection
EndGlobal
